// !$*UTF8*$!
{
	archiveVersion = 1;
	classes = {
	};
	objectVersion = 50;
	objects = {

/* Begin PBXBuildFile section */
		461C48E2231D680D005F3F11 /* Location+CoreDataClass.swift in Sources */ = {isa = PBXBuildFile; fileRef = 461C48E0231D680D005F3F11 /* Location+CoreDataClass.swift */; };
		461C48E3231D680D005F3F11 /* Location+CoreDataProperties.swift in Sources */ = {isa = PBXBuildFile; fileRef = 461C48E1231D680D005F3F11 /* Location+CoreDataProperties.swift */; };
		461D66CA23194F7100FB1659 /* CoreDataController.swift in Sources */ = {isa = PBXBuildFile; fileRef = 461D66C923194F7100FB1659 /* CoreDataController.swift */; };
		461D66CC231964FE00FB1659 /* MulticastDelegate.swift in Sources */ = {isa = PBXBuildFile; fileRef = 461D66CB231964FE00FB1659 /* MulticastDelegate.swift */; };
		461D66DD231A05F500FB1659 /* AddLocationDelegate.swift in Sources */ = {isa = PBXBuildFile; fileRef = 461D66DC231A05F500FB1659 /* AddLocationDelegate.swift */; };
		461D66DF231A197D00FB1659 /* LocationDetailViewController.swift in Sources */ = {isa = PBXBuildFile; fileRef = 461D66DE231A197D00FB1659 /* LocationDetailViewController.swift */; };
		461D66EB231A96DA00FB1659 /* NewLocationViewController.swift in Sources */ = {isa = PBXBuildFile; fileRef = 461D66EA231A96DA00FB1659 /* NewLocationViewController.swift */; };
		461D66ED231A98F800FB1659 /* LocationAnnotation.swift in Sources */ = {isa = PBXBuildFile; fileRef = 461D66EC231A98F800FB1659 /* LocationAnnotation.swift */; };
		462A132B231D8A670074969B /* AddLocationViewController.swift in Sources */ = {isa = PBXBuildFile; fileRef = 462A132A231D8A670074969B /* AddLocationViewController.swift */; };
		462A132D2320CD990074969B /* EditLocationViewController.swift in Sources */ = {isa = PBXBuildFile; fileRef = 462A132C2320CD990074969B /* EditLocationViewController.swift */; };
		4641A54923094DBD00007E7D /* MapViewController2.swift in Sources */ = {isa = PBXBuildFile; fileRef = 4641A54823094DBD00007E7D /* MapViewController2.swift */; };
		46721A612319422100216768 /* LocationAnnotation.xcdatamodeld in Sources */ = {isa = PBXBuildFile; fileRef = 46721A5F2319422100216768 /* LocationAnnotation.xcdatamodeld */; };
		46721A672319451000216768 /* DatabaseProtocol.swift in Sources */ = {isa = PBXBuildFile; fileRef = 46721A662319451000216768 /* DatabaseProtocol.swift */; };
		46E38FBF23043180004F4BD0 /* AppDelegate.swift in Sources */ = {isa = PBXBuildFile; fileRef = 46E38FBE23043180004F4BD0 /* AppDelegate.swift */; };
		46E38FC423043180004F4BD0 /* Main.storyboard in Resources */ = {isa = PBXBuildFile; fileRef = 46E38FC223043180004F4BD0 /* Main.storyboard */; };
		46E38FC923043180004F4BD0 /* Assets.xcassets in Resources */ = {isa = PBXBuildFile; fileRef = 46E38FC823043180004F4BD0 /* Assets.xcassets */; };
		46E38FCC23043180004F4BD0 /* LaunchScreen.storyboard in Resources */ = {isa = PBXBuildFile; fileRef = 46E38FCA23043180004F4BD0 /* LaunchScreen.storyboard */; };
		46F99411231563420037DD8C /* AllLocationTableViewController.swift in Sources */ = {isa = PBXBuildFile; fileRef = 46F99410231563420037DD8C /* AllLocationTableViewController.swift */; };
		46F99417231565940037DD8C /* LocationTableViewCell.swift in Sources */ = {isa = PBXBuildFile; fileRef = 46F99416231565940037DD8C /* LocationTableViewCell.swift */; };
		46F9941B231570750037DD8C /* MapViewController.swift in Sources */ = {isa = PBXBuildFile; fileRef = 46F9941A231570750037DD8C /* MapViewController.swift */; };
/* End PBXBuildFile section */

/* Begin PBXFileReference section */
		461C48E0231D680D005F3F11 /* Location+CoreDataClass.swift */ = {isa = PBXFileReference; lastKnownFileType = sourcecode.swift; path = "Location+CoreDataClass.swift"; sourceTree = "<group>"; };
		461C48E1231D680D005F3F11 /* Location+CoreDataProperties.swift */ = {isa = PBXFileReference; lastKnownFileType = sourcecode.swift; path = "Location+CoreDataProperties.swift"; sourceTree = "<group>"; };
		461D66C923194F7100FB1659 /* CoreDataController.swift */ = {isa = PBXFileReference; lastKnownFileType = sourcecode.swift; path = CoreDataController.swift; sourceTree = "<group>"; };
		461D66CB231964FE00FB1659 /* MulticastDelegate.swift */ = {isa = PBXFileReference; lastKnownFileType = sourcecode.swift; path = MulticastDelegate.swift; sourceTree = "<group>"; };
		461D66DC231A05F500FB1659 /* AddLocationDelegate.swift */ = {isa = PBXFileReference; lastKnownFileType = sourcecode.swift; path = AddLocationDelegate.swift; sourceTree = "<group>"; };
		461D66DE231A197D00FB1659 /* LocationDetailViewController.swift */ = {isa = PBXFileReference; lastKnownFileType = sourcecode.swift; path = LocationDetailViewController.swift; sourceTree = "<group>"; };
		461D66EA231A96DA00FB1659 /* NewLocationViewController.swift */ = {isa = PBXFileReference; lastKnownFileType = sourcecode.swift; path = NewLocationViewController.swift; sourceTree = "<group>"; };
		461D66EC231A98F800FB1659 /* LocationAnnotation.swift */ = {isa = PBXFileReference; lastKnownFileType = sourcecode.swift; path = LocationAnnotation.swift; sourceTree = "<group>"; };
		462A132A231D8A670074969B /* AddLocationViewController.swift */ = {isa = PBXFileReference; lastKnownFileType = sourcecode.swift; path = AddLocationViewController.swift; sourceTree = "<group>"; };
		462A132C2320CD990074969B /* EditLocationViewController.swift */ = {isa = PBXFileReference; lastKnownFileType = sourcecode.swift; path = EditLocationViewController.swift; sourceTree = "<group>"; };
		4641A54823094DBD00007E7D /* MapViewController2.swift */ = {isa = PBXFileReference; lastKnownFileType = sourcecode.swift; path = MapViewController2.swift; sourceTree = "<group>"; };
		46721A602319422100216768 /* LocationAnnotation.xcdatamodel */ = {isa = PBXFileReference; lastKnownFileType = wrapper.xcdatamodel; path = LocationAnnotation.xcdatamodel; sourceTree = "<group>"; };
		46721A662319451000216768 /* DatabaseProtocol.swift */ = {isa = PBXFileReference; lastKnownFileType = sourcecode.swift; path = DatabaseProtocol.swift; sourceTree = "<group>"; };
		46E38FBB23043180004F4BD0 /* YiZhang-iOSApplication.app */ = {isa = PBXFileReference; explicitFileType = wrapper.application; includeInIndex = 0; path = "YiZhang-iOSApplication.app"; sourceTree = BUILT_PRODUCTS_DIR; };
		46E38FBE23043180004F4BD0 /* AppDelegate.swift */ = {isa = PBXFileReference; lastKnownFileType = sourcecode.swift; path = AppDelegate.swift; sourceTree = "<group>"; };
		46E38FC323043180004F4BD0 /* Base */ = {isa = PBXFileReference; lastKnownFileType = file.storyboard; name = Base; path = Base.lproj/Main.storyboard; sourceTree = "<group>"; };
		46E38FC823043180004F4BD0 /* Assets.xcassets */ = {isa = PBXFileReference; lastKnownFileType = folder.assetcatalog; path = Assets.xcassets; sourceTree = "<group>"; };
		46E38FCB23043180004F4BD0 /* Base */ = {isa = PBXFileReference; lastKnownFileType = file.storyboard; name = Base; path = Base.lproj/LaunchScreen.storyboard; sourceTree = "<group>"; };
		46E38FCD23043180004F4BD0 /* Info.plist */ = {isa = PBXFileReference; lastKnownFileType = text.plist.xml; path = Info.plist; sourceTree = "<group>"; };
		46F99410231563420037DD8C /* AllLocationTableViewController.swift */ = {isa = PBXFileReference; lastKnownFileType = sourcecode.swift; path = AllLocationTableViewController.swift; sourceTree = "<group>"; };
		46F99416231565940037DD8C /* LocationTableViewCell.swift */ = {isa = PBXFileReference; lastKnownFileType = sourcecode.swift; path = LocationTableViewCell.swift; sourceTree = "<group>"; };
		46F9941A231570750037DD8C /* MapViewController.swift */ = {isa = PBXFileReference; lastKnownFileType = sourcecode.swift; path = MapViewController.swift; sourceTree = "<group>"; };
/* End PBXFileReference section */

/* Begin PBXFrameworksBuildPhase section */
		46E38FB823043180004F4BD0 /* Frameworks */ = {
			isa = PBXFrameworksBuildPhase;
			buildActionMask = 2147483647;
			files = (
			);
			runOnlyForDeploymentPostprocessing = 0;
		};
/* End PBXFrameworksBuildPhase section */

/* Begin PBXGroup section */
		4641A54F2309907A00007E7D /* DataModel */ = {
			isa = PBXGroup;
			children = (
				461C48E0231D680D005F3F11 /* Location+CoreDataClass.swift */,
				461C48E1231D680D005F3F11 /* Location+CoreDataProperties.swift */,
				46721A5F2319422100216768 /* LocationAnnotation.xcdatamodeld */,
			);
			path = DataModel;
			sourceTree = "<group>";
		};
		4641A55F230996DC00007E7D /* Database */ = {
			isa = PBXGroup;
			children = (
				46721A662319451000216768 /* DatabaseProtocol.swift */,
				461D66C923194F7100FB1659 /* CoreDataController.swift */,
				461D66CB231964FE00FB1659 /* MulticastDelegate.swift */,
			);
			path = Database;
			sourceTree = "<group>";
		};
		46E38FB223043180004F4BD0 = {
			isa = PBXGroup;
			children = (
				46E38FBD23043180004F4BD0 /* YiZhang-iOSApplication */,
				46E38FBC23043180004F4BD0 /* Products */,
			);
			sourceTree = "<group>";
		};
		46E38FBC23043180004F4BD0 /* Products */ = {
			isa = PBXGroup;
			children = (
				46E38FBB23043180004F4BD0 /* YiZhang-iOSApplication.app */,
			);
			name = Products;
			sourceTree = "<group>";
		};
		46E38FBD23043180004F4BD0 /* YiZhang-iOSApplication */ = {
			isa = PBXGroup;
			children = (
				4641A55F230996DC00007E7D /* Database */,
				4641A54F2309907A00007E7D /* DataModel */,
				46E38FBE23043180004F4BD0 /* AppDelegate.swift */,
				46E38FC223043180004F4BD0 /* Main.storyboard */,
				46E38FC823043180004F4BD0 /* Assets.xcassets */,
				46E38FCA23043180004F4BD0 /* LaunchScreen.storyboard */,
				46E38FCD23043180004F4BD0 /* Info.plist */,
				4641A54823094DBD00007E7D /* MapViewController2.swift */,
				46F99410231563420037DD8C /* AllLocationTableViewController.swift */,
				46F9941A231570750037DD8C /* MapViewController.swift */,
				46F99416231565940037DD8C /* LocationTableViewCell.swift */,
				461D66DC231A05F500FB1659 /* AddLocationDelegate.swift */,
				461D66DE231A197D00FB1659 /* LocationDetailViewController.swift */,
				461D66EA231A96DA00FB1659 /* NewLocationViewController.swift */,
				461D66EC231A98F800FB1659 /* LocationAnnotation.swift */,
				462A132A231D8A670074969B /* AddLocationViewController.swift */,
				462A132C2320CD990074969B /* EditLocationViewController.swift */,
			);
			path = "YiZhang-iOSApplication";
			sourceTree = "<group>";
		};
/* End PBXGroup section */

/* Begin PBXNativeTarget section */
		46E38FBA23043180004F4BD0 /* YiZhang-iOSApplication */ = {
			isa = PBXNativeTarget;
			buildConfigurationList = 46E38FD023043180004F4BD0 /* Build configuration list for PBXNativeTarget "YiZhang-iOSApplication" */;
			buildPhases = (
				46E38FB723043180004F4BD0 /* Sources */,
				46E38FB823043180004F4BD0 /* Frameworks */,
				46E38FB923043180004F4BD0 /* Resources */,
			);
			buildRules = (
			);
			dependencies = (
			);
			name = "YiZhang-iOSApplication";
			productName = "YiZhang-iOSApplication";
			productReference = 46E38FBB23043180004F4BD0 /* YiZhang-iOSApplication.app */;
			productType = "com.apple.product-type.application";
		};
/* End PBXNativeTarget section */

/* Begin PBXProject section */
		46E38FB323043180004F4BD0 /* Project object */ = {
			isa = PBXProject;
			attributes = {
				LastSwiftUpdateCheck = 1030;
				LastUpgradeCheck = 1030;
				ORGANIZATIONNAME = "Yi Zhang";
				TargetAttributes = {
					46E38FBA23043180004F4BD0 = {
						CreatedOnToolsVersion = 10.3;
					};
				};
			};
			buildConfigurationList = 46E38FB623043180004F4BD0 /* Build configuration list for PBXProject "YiZhang-iOSApplication" */;
			compatibilityVersion = "Xcode 9.3";
			developmentRegion = en;
			hasScannedForEncodings = 0;
			knownRegions = (
				en,
				Base,
			);
			mainGroup = 46E38FB223043180004F4BD0;
			productRefGroup = 46E38FBC23043180004F4BD0 /* Products */;
			projectDirPath = "";
			projectRoot = "";
			targets = (
				46E38FBA23043180004F4BD0 /* YiZhang-iOSApplication */,
			);
		};
/* End PBXProject section */

/* Begin PBXResourcesBuildPhase section */
		46E38FB923043180004F4BD0 /* Resources */ = {
			isa = PBXResourcesBuildPhase;
			buildActionMask = 2147483647;
			files = (
				46E38FCC23043180004F4BD0 /* LaunchScreen.storyboard in Resources */,
				46E38FC923043180004F4BD0 /* Assets.xcassets in Resources */,
				46E38FC423043180004F4BD0 /* Main.storyboard in Resources */,
			);
			runOnlyForDeploymentPostprocessing = 0;
		};
/* End PBXResourcesBuildPhase section */

/* Begin PBXSourcesBuildPhase section */
		46E38FB723043180004F4BD0 /* Sources */ = {
			isa = PBXSourcesBuildPhase;
			buildActionMask = 2147483647;
			files = (
				461C48E3231D680D005F3F11 /* Location+CoreDataProperties.swift in Sources */,
				46F99417231565940037DD8C /* LocationTableViewCell.swift in Sources */,
				46E38FBF23043180004F4BD0 /* AppDelegate.swift in Sources */,
				461D66EB231A96DA00FB1659 /* NewLocationViewController.swift in Sources */,
				461C48E2231D680D005F3F11 /* Location+CoreDataClass.swift in Sources */,
				461D66DD231A05F500FB1659 /* AddLocationDelegate.swift in Sources */,
				46721A672319451000216768 /* DatabaseProtocol.swift in Sources */,
				461D66ED231A98F800FB1659 /* LocationAnnotation.swift in Sources */,
				4641A54923094DBD00007E7D /* MapViewController2.swift in Sources */,
				461D66CA23194F7100FB1659 /* CoreDataController.swift in Sources */,
				46F99411231563420037DD8C /* AllLocationTableViewController.swift in Sources */,
				462A132B231D8A670074969B /* AddLocationViewController.swift in Sources */,
				46F9941B231570750037DD8C /* MapViewController.swift in Sources */,
				46721A612319422100216768 /* LocationAnnotation.xcdatamodeld in Sources */,
				462A132D2320CD990074969B /* EditLocationViewController.swift in Sources */,
				461D66DF231A197D00FB1659 /* LocationDetailViewController.swift in Sources */,
				461D66CC231964FE00FB1659 /* MulticastDelegate.swift in Sources */,
			);
			runOnlyForDeploymentPostprocessing = 0;
		};
/* End PBXSourcesBuildPhase section */

/* Begin PBXVariantGroup section */
		46E38FC223043180004F4BD0 /* Main.storyboard */ = {
			isa = PBXVariantGroup;
			children = (
				46E38FC323043180004F4BD0 /* Base */,
			);
			name = Main.storyboard;
			sourceTree = "<group>";
		};
		46E38FCA23043180004F4BD0 /* LaunchScreen.storyboard */ = {
			isa = PBXVariantGroup;
			children = (
				46E38FCB23043180004F4BD0 /* Base */,
			);
			name = LaunchScreen.storyboard;
			sourceTree = "<group>";
		};
/* End PBXVariantGroup section */

/* Begin XCBuildConfiguration section */
		46E38FCE23043180004F4BD0 /* Debug */ = {
			isa = XCBuildConfiguration;
			buildSettings = {
				ALWAYS_SEARCH_USER_PATHS = NO;
				CLANG_ANALYZER_NONNULL = YES;
				CLANG_ANALYZER_NUMBER_OBJECT_CONVERSION = YES_AGGRESSIVE;
				CLANG_CXX_LANGUAGE_STANDARD = "gnu++14";
				CLANG_CXX_LIBRARY = "libc++";
				CLANG_ENABLE_MODULES = YES;
				CLANG_ENABLE_OBJC_ARC = YES;
				CLANG_ENABLE_OBJC_WEAK = YES;
				CLANG_WARN_BLOCK_CAPTURE_AUTORELEASING = YES;
				CLANG_WARN_BOOL_CONVERSION = YES;
				CLANG_WARN_COMMA = YES;
				CLANG_WARN_CONSTANT_CONVERSION = YES;
				CLANG_WARN_DEPRECATED_OBJC_IMPLEMENTATIONS = YES;
				CLANG_WARN_DIRECT_OBJC_ISA_USAGE = YES_ERROR;
				CLANG_WARN_DOCUMENTATION_COMMENTS = YES;
				CLANG_WARN_EMPTY_BODY = YES;
				CLANG_WARN_ENUM_CONVERSION = YES;
				CLANG_WARN_INFINITE_RECURSION = YES;
				CLANG_WARN_INT_CONVERSION = YES;
				CLANG_WARN_NON_LITERAL_NULL_CONVERSION = YES;
				CLANG_WARN_OBJC_IMPLICIT_RETAIN_SELF = YES;
				CLANG_WARN_OBJC_LITERAL_CONVERSION = YES;
				CLANG_WARN_OBJC_ROOT_CLASS = YES_ERROR;
				CLANG_WARN_RANGE_LOOP_ANALYSIS = YES;
				CLANG_WARN_STRICT_PROTOTYPES = YES;
				CLANG_WARN_SUSPICIOUS_MOVE = YES;
				CLANG_WARN_UNGUARDED_AVAILABILITY = YES_AGGRESSIVE;
				CLANG_WARN_UNREACHABLE_CODE = YES;
				CLANG_WARN__DUPLICATE_METHOD_MATCH = YES;
				CODE_SIGN_IDENTITY = "iPhone Developer";
				COPY_PHASE_STRIP = NO;
				DEBUG_INFORMATION_FORMAT = dwarf;
				ENABLE_STRICT_OBJC_MSGSEND = YES;
				ENABLE_TESTABILITY = YES;
				GCC_C_LANGUAGE_STANDARD = gnu11;
				GCC_DYNAMIC_NO_PIC = NO;
				GCC_NO_COMMON_BLOCKS = YES;
				GCC_OPTIMIZATION_LEVEL = 0;
				GCC_PREPROCESSOR_DEFINITIONS = (
					"DEBUG=1",
					"$(inherited)",
				);
				GCC_WARN_64_TO_32_BIT_CONVERSION = YES;
				GCC_WARN_ABOUT_RETURN_TYPE = YES_ERROR;
				GCC_WARN_UNDECLARED_SELECTOR = YES;
				GCC_WARN_UNINITIALIZED_AUTOS = YES_AGGRESSIVE;
				GCC_WARN_UNUSED_FUNCTION = YES;
				GCC_WARN_UNUSED_VARIABLE = YES;
				IPHONEOS_DEPLOYMENT_TARGET = 12.4;
				MTL_ENABLE_DEBUG_INFO = INCLUDE_SOURCE;
				MTL_FAST_MATH = YES;
				ONLY_ACTIVE_ARCH = YES;
				SDKROOT = iphoneos;
				SWIFT_ACTIVE_COMPILATION_CONDITIONS = DEBUG;
				SWIFT_OPTIMIZATION_LEVEL = "-Onone";
			};
			name = Debug;
		};
		46E38FCF23043180004F4BD0 /* Release */ = {
			isa = XCBuildConfiguration;
			buildSettings = {
				ALWAYS_SEARCH_USER_PATHS = NO;
				CLANG_ANALYZER_NONNULL = YES;
				CLANG_ANALYZER_NUMBER_OBJECT_CONVERSION = YES_AGGRESSIVE;
				CLANG_CXX_LANGUAGE_STANDARD = "gnu++14";
				CLANG_CXX_LIBRARY = "libc++";
				CLANG_ENABLE_MODULES = YES;
				CLANG_ENABLE_OBJC_ARC = YES;
				CLANG_ENABLE_OBJC_WEAK = YES;
				CLANG_WARN_BLOCK_CAPTURE_AUTORELEASING = YES;
				CLANG_WARN_BOOL_CONVERSION = YES;
				CLANG_WARN_COMMA = YES;
				CLANG_WARN_CONSTANT_CONVERSION = YES;
				CLANG_WARN_DEPRECATED_OBJC_IMPLEMENTATIONS = YES;
				CLANG_WARN_DIRECT_OBJC_ISA_USAGE = YES_ERROR;
				CLANG_WARN_DOCUMENTATION_COMMENTS = YES;
				CLANG_WARN_EMPTY_BODY = YES;
				CLANG_WARN_ENUM_CONVERSION = YES;
				CLANG_WARN_INFINITE_RECURSION = YES;
				CLANG_WARN_INT_CONVERSION = YES;
				CLANG_WARN_NON_LITERAL_NULL_CONVERSION = YES;
				CLANG_WARN_OBJC_IMPLICIT_RETAIN_SELF = YES;
				CLANG_WARN_OBJC_LITERAL_CONVERSION = YES;
				CLANG_WARN_OBJC_ROOT_CLASS = YES_ERROR;
				CLANG_WARN_RANGE_LOOP_ANALYSIS = YES;
				CLANG_WARN_STRICT_PROTOTYPES = YES;
				CLANG_WARN_SUSPICIOUS_MOVE = YES;
				CLANG_WARN_UNGUARDED_AVAILABILITY = YES_AGGRESSIVE;
				CLANG_WARN_UNREACHABLE_CODE = YES;
				CLANG_WARN__DUPLICATE_METHOD_MATCH = YES;
				CODE_SIGN_IDENTITY = "iPhone Developer";
				COPY_PHASE_STRIP = NO;
				DEBUG_INFORMATION_FORMAT = "dwarf-with-dsym";
				ENABLE_NS_ASSERTIONS = NO;
				ENABLE_STRICT_OBJC_MSGSEND = YES;
				GCC_C_LANGUAGE_STANDARD = gnu11;
				GCC_NO_COMMON_BLOCKS = YES;
				GCC_WARN_64_TO_32_BIT_CONVERSION = YES;
				GCC_WARN_ABOUT_RETURN_TYPE = YES_ERROR;
				GCC_WARN_UNDECLARED_SELECTOR = YES;
				GCC_WARN_UNINITIALIZED_AUTOS = YES_AGGRESSIVE;
				GCC_WARN_UNUSED_FUNCTION = YES;
				GCC_WARN_UNUSED_VARIABLE = YES;
				IPHONEOS_DEPLOYMENT_TARGET = 12.4;
				MTL_ENABLE_DEBUG_INFO = NO;
				MTL_FAST_MATH = YES;
				SDKROOT = iphoneos;
				SWIFT_COMPILATION_MODE = wholemodule;
				SWIFT_OPTIMIZATION_LEVEL = "-O";
				VALIDATE_PRODUCT = YES;
			};
			name = Release;
		};
		46E38FD123043180004F4BD0 /* Debug */ = {
			isa = XCBuildConfiguration;
			buildSettings = {
				ASSETCATALOG_COMPILER_APPICON_NAME = AppIcon;
				CODE_SIGN_STYLE = Automatic;
				DEVELOPMENT_TEAM = 6YQ3G4M98P;
				INFOPLIST_FILE = "YiZhang-iOSApplication/Info.plist";
				LD_RUNPATH_SEARCH_PATHS = (
					"$(inherited)",
					"@executable_path/Frameworks",
				);
				PRODUCT_BUNDLE_IDENTIFIER = "edu.monash.YiZhang-iOSApplication";
				PRODUCT_NAME = "$(TARGET_NAME)";
				SWIFT_VERSION = 5.0;
				TARGETED_DEVICE_FAMILY = "1,2";
			};
			name = Debug;
		};
		46E38FD223043180004F4BD0 /* Release */ = {
			isa = XCBuildConfiguration;
			buildSettings = {
				ASSETCATALOG_COMPILER_APPICON_NAME = AppIcon;
				CODE_SIGN_STYLE = Automatic;
				DEVELOPMENT_TEAM = 6YQ3G4M98P;
				INFOPLIST_FILE = "YiZhang-iOSApplication/Info.plist";
				LD_RUNPATH_SEARCH_PATHS = (
					"$(inherited)",
					"@executable_path/Frameworks",
				);
				PRODUCT_BUNDLE_IDENTIFIER = "edu.monash.YiZhang-iOSApplication";
				PRODUCT_NAME = "$(TARGET_NAME)";
				SWIFT_VERSION = 5.0;
				TARGETED_DEVICE_FAMILY = "1,2";
			};
			name = Release;
		};
/* End XCBuildConfiguration section */

/* Begin XCConfigurationList section */
		46E38FB623043180004F4BD0 /* Build configuration list for PBXProject "YiZhang-iOSApplication" */ = {
			isa = XCConfigurationList;
			buildConfigurations = (
				46E38FCE23043180004F4BD0 /* Debug */,
				46E38FCF23043180004F4BD0 /* Release */,
			);
			defaultConfigurationIsVisible = 0;
			defaultConfigurationName = Release;
		};
		46E38FD023043180004F4BD0 /* Build configuration list for PBXNativeTarget "YiZhang-iOSApplication" */ = {
			isa = XCConfigurationList;
			buildConfigurations = (
				46E38FD123043180004F4BD0 /* Debug */,
				46E38FD223043180004F4BD0 /* Release */,
			);
			defaultConfigurationIsVisible = 0;
			defaultConfigurationName = Release;
		};
/* End XCConfigurationList section */

/* Begin XCVersionGroup section */
		46721A5F2319422100216768 /* LocationAnnotation.xcdatamodeld */ = {
			isa = XCVersionGroup;
			children = (
				46721A602319422100216768 /* LocationAnnotation.xcdatamodel */,
			);
			currentVersion = 46721A602319422100216768 /* LocationAnnotation.xcdatamodel */;
			path = LocationAnnotation.xcdatamodeld;
			sourceTree = "<group>";
			versionGroupType = wrapper.xcdatamodel;
		};
/* End XCVersionGroup section */
	};
	rootObject = 46E38FB323043180004F4BD0 /* Project object */;
}
